
Microsoft Visual Studio Solution File, Format Version 12.00
# Visual Studio Version 17
VisualStudioVersion = 17.11.35312.102
MinimumVisualStudioVersion = 10.0.40219.1
Project("{FAE04EC0-301F-11D3-BF4B-00C04F79EFBC}") = "api", "api.csproj", "{6F42EACE-1543-4903-8FC4-300A420A1C8E}"
EndProject
Global
	GlobalSection(SolutionConfigurationPlatforms) = preSolution
		Debug|Any CPU = Debug|Any CPU
		Release|Any CPU = Release|Any CPU
	EndGlobalSection
	GlobalSection(ProjectConfigurationPlatforms) = postSolution
		{6F42EACE-1543-4903-8FC4-300A420A1C8E}.Debug|Any CPU.ActiveCfg = Debug|Any CPU
		{6F42EACE-1543-4903-8FC4-300A420A1C8E}.Debug|Any CPU.Build.0 = Debug|Any CPU
		{6F42EACE-1543-4903-8FC4-300A420A1C8E}.Release|Any CPU.ActiveCfg = Release|Any CPU
		{6F42EACE-1543-4903-8FC4-300A420A1C8E}.Release|Any CPU.Build.0 = Release|Any CPU
	EndGlobalSection
	GlobalSection(SolutionProperties) = preSolution
		HideSolutionNode = FALSE
	EndGlobalSection
	GlobalSection(ExtensibilityGlobals) = postSolution
		SolutionGuid = {524981F1-FAF8-43C9-B856-4C0B58EFB7A6}
	EndGlobalSection
EndGlobal
